PODS:
  - Masonry (1.1.0)
  - ZGUIKit (0.1.0)

DEPENDENCIES:
  - Masonry
  - ZGUIKit (from `../`)

SPEC REPOS:
  trunk:
    - Masonry

EXTERNAL SOURCES:
  ZGUIKit:
    :path: "../"

SPEC CHECKSUMS:
  Masonry: 678fab65091a9290e40e2832a55e7ab731aad201
  ZGUIKit: 90c5127f1ac4b02a982d8802cbb6a1a1fb09d435

PODFILE CHECKSUM: ffa8ae028238b92366ab3a905c62ba279884c9f4

COCOAPODS: 1.10.1
