PODS:
  - Masonry (1.1.0)
  - ZGUIKit (0.1.3)

DEPENDENCIES:
  - Masonry
  - ZGUIKit (from `../`)

SPEC REPOS:
  trunk:
    - Masonry

EXTERNAL SOURCES:
  ZGUIKit:
    :path: "../"

SPEC CHECKSUMS:
  Masonry: 678fab65091a9290e40e2832a55e7ab731aad201
  ZGUIKit: 3c2b25e1a6ec75a632c17c032f510b784f0528de

PODFILE CHECKSUM: ffa8ae028238b92366ab3a905c62ba279884c9f4

COCOAPODS: 1.10.1
